
Microsoft Visual Studio Solution File, Format Version 12.00
# Visual Studio Version 16
VisualStudioVersion = 16.0.31410.357
MinimumVisualStudioVersion = 10.0.40219.1
Project("{FAE04EC0-301F-11D3-BF4B-00C04F79EFBC}") = "ParticipantsAPI", "ParticipantsAPI.csproj", "{D16859F5-E777-4AE1-975E-8C0123645618}"
EndProject
Global
	GlobalSection(SolutionConfigurationPlatforms) = preSolution
		Debug|Any CPU = Debug|Any CPU
		Release|Any CPU = Release|Any CPU
	EndGlobalSection
	GlobalSection(ProjectConfigurationPlatforms) = postSolution
		{D16859F5-E777-4AE1-975E-8C0123645618}.Debug|Any CPU.ActiveCfg = Debug|Any CPU
		{D16859F5-E777-4AE1-975E-8C0123645618}.Debug|Any CPU.Build.0 = Debug|Any CPU
		{D16859F5-E777-4AE1-975E-8C0123645618}.Release|Any CPU.ActiveCfg = Release|Any CPU
		{D16859F5-E777-4AE1-975E-8C0123645618}.Release|Any CPU.Build.0 = Release|Any CPU
	EndGlobalSection
	GlobalSection(SolutionProperties) = preSolution
		HideSolutionNode = FALSE
	EndGlobalSection
	GlobalSection(ExtensibilityGlobals) = postSolution
		SolutionGuid = {5A4C82E9-35A0-4147-9ED6-B6FD639CC68A}
	EndGlobalSection
EndGlobal
